
Microsoft Visual Studio Solution File, Format Version 12.00
# Visual Studio Version 16
VisualStudioVersion = 16.0.29306.81
MinimumVisualStudioVersion = 10.0.40219.1
Project("{8BC9CEB8-8B4A-11D0-8D11-00A0C91BC942}") = "BthPS3", "BthPS3\BthPS3.vcxproj", "{F329494F-152C-4739-AFC2-00DF81B78D5F}"
EndProject
Project("{8BC9CEB8-8B4A-11D0-8D11-00A0C91BC942}") = "BthPS3Util", "BthPS3Util\BthPS3Util.vcxproj", "{95155A88-FEDA-443A-B85D-2DB6A8CD4CBE}"
EndProject
Project("{8BC9CEB8-8B4A-11D0-8D11-00A0C91BC942}") = "BthPS3PSM", "BthPS3PSM\BthPS3PSM.vcxproj", "{1A4F031A-83D6-4261-96C8-EDD6D2C30FE9}"
EndProject
Project("{8BC9CEB8-8B4A-11D0-8D11-00A0C91BC942}") = "BlyatStorm", "BlyatStorm\BlyatStorm.vcxproj", "{906749ED-7A67-426A-AE7C-1152AB5CFAD3}"
EndProject
Project("{2150E333-8FDC-42A3-9474-1A3956D46DE8}") = "Drivers", "Drivers", "{C2BA16E5-B02C-4203-B695-682A67667FE6}"
EndProject
Project("{2150E333-8FDC-42A3-9474-1A3956D46DE8}") = "Profile", "Profile", "{6F14BA04-77E6-4FD7-AFAA-F003988817C7}"
EndProject
Project("{2150E333-8FDC-42A3-9474-1A3956D46DE8}") = "Filter", "Filter", "{E6F07824-9836-4180-99C3-05240708F824}"
EndProject
Project("{2150E333-8FDC-42A3-9474-1A3956D46DE8}") = "App", "App", "{51B50044-0861-4230-8832-80E1F44D472E}"
EndProject
Project("{2150E333-8FDC-42A3-9474-1A3956D46DE8}") = "Function", "Function", "{2081D159-2BB5-4A74-9423-3017304039DB}"
EndProject
Project("{9A19103F-16F7-4668-BE54-9A1E7A4F7556}") = "_build", "build\_build.csproj", "{3F50F473-B720-4C19-A302-6D51AD1D4448}"
EndProject
Project("{FAE04EC0-301F-11D3-BF4B-00C04F79EFBC}") = "BthPS3CfgUI", "BthPS3CfgUI\BthPS3CfgUI.csproj", "{216F0747-A0BE-4E61-9691-9C70F5347558}"
EndProject
Global
	GlobalSection(SolutionConfigurationPlatforms) = preSolution
		Debug|Any CPU = Debug|Any CPU
		Debug|ARM = Debug|ARM
		Debug|ARM64 = Debug|ARM64
		Debug|x64 = Debug|x64
		Debug|x86 = Debug|x86
		Release|Any CPU = Release|Any CPU
		Release|ARM = Release|ARM
		Release|ARM64 = Release|ARM64
		Release|x64 = Release|x64
		Release|x86 = Release|x86
	EndGlobalSection
	GlobalSection(ProjectConfigurationPlatforms) = postSolution
		{F329494F-152C-4739-AFC2-00DF81B78D5F}.Debug|Any CPU.ActiveCfg = Debug|Win32
		{F329494F-152C-4739-AFC2-00DF81B78D5F}.Debug|ARM.ActiveCfg = Debug|ARM
		{F329494F-152C-4739-AFC2-00DF81B78D5F}.Debug|ARM.Build.0 = Debug|ARM
		{F329494F-152C-4739-AFC2-00DF81B78D5F}.Debug|ARM.Deploy.0 = Debug|ARM
		{F329494F-152C-4739-AFC2-00DF81B78D5F}.Debug|ARM64.ActiveCfg = Debug|ARM64
		{F329494F-152C-4739-AFC2-00DF81B78D5F}.Debug|ARM64.Build.0 = Debug|ARM64
		{F329494F-152C-4739-AFC2-00DF81B78D5F}.Debug|ARM64.Deploy.0 = Debug|ARM64
		{F329494F-152C-4739-AFC2-00DF81B78D5F}.Debug|x64.ActiveCfg = Debug|x64
		{F329494F-152C-4739-AFC2-00DF81B78D5F}.Debug|x64.Build.0 = Debug|x64
		{F329494F-152C-4739-AFC2-00DF81B78D5F}.Debug|x64.Deploy.0 = Debug|x64
		{F329494F-152C-4739-AFC2-00DF81B78D5F}.Debug|x86.ActiveCfg = Debug|Win32
		{F329494F-152C-4739-AFC2-00DF81B78D5F}.Debug|x86.Build.0 = Debug|Win32
		{F329494F-152C-4739-AFC2-00DF81B78D5F}.Debug|x86.Deploy.0 = Debug|Win32
		{F329494F-152C-4739-AFC2-00DF81B78D5F}.Release|Any CPU.ActiveCfg = Release|Win32
		{F329494F-152C-4739-AFC2-00DF81B78D5F}.Release|ARM.ActiveCfg = Release|ARM
		{F329494F-152C-4739-AFC2-00DF81B78D5F}.Release|ARM.Build.0 = Release|ARM
		{F329494F-152C-4739-AFC2-00DF81B78D5F}.Release|ARM.Deploy.0 = Release|ARM
		{F329494F-152C-4739-AFC2-00DF81B78D5F}.Release|ARM64.ActiveCfg = Release|ARM64
		{F329494F-152C-4739-AFC2-00DF81B78D5F}.Release|ARM64.Build.0 = Release|ARM64
		{F329494F-152C-4739-AFC2-00DF81B78D5F}.Release|ARM64.Deploy.0 = Release|ARM64
		{F329494F-152C-4739-AFC2-00DF81B78D5F}.Release|x64.ActiveCfg = Release|x64
		{F329494F-152C-4739-AFC2-00DF81B78D5F}.Release|x64.Build.0 = Release|x64
		{F329494F-152C-4739-AFC2-00DF81B78D5F}.Release|x64.Deploy.0 = Release|x64
		{F329494F-152C-4739-AFC2-00DF81B78D5F}.Release|x86.ActiveCfg = Release|Win32
		{F329494F-152C-4739-AFC2-00DF81B78D5F}.Release|x86.Build.0 = Release|Win32
		{F329494F-152C-4739-AFC2-00DF81B78D5F}.Release|x86.Deploy.0 = Release|Win32
		{95155A88-FEDA-443A-B85D-2DB6A8CD4CBE}.Debug|Any CPU.ActiveCfg = Debug|Win32
		{95155A88-FEDA-443A-B85D-2DB6A8CD4CBE}.Debug|ARM.ActiveCfg = Debug|Win32
		{95155A88-FEDA-443A-B85D-2DB6A8CD4CBE}.Debug|ARM64.ActiveCfg = Debug|Win32
		{95155A88-FEDA-443A-B85D-2DB6A8CD4CBE}.Debug|x64.ActiveCfg = Debug|x64
		{95155A88-FEDA-443A-B85D-2DB6A8CD4CBE}.Debug|x64.Build.0 = Debug|x64
		{95155A88-FEDA-443A-B85D-2DB6A8CD4CBE}.Debug|x86.ActiveCfg = Debug|Win32
		{95155A88-FEDA-443A-B85D-2DB6A8CD4CBE}.Debug|x86.Build.0 = Debug|Win32
		{95155A88-FEDA-443A-B85D-2DB6A8CD4CBE}.Release|Any CPU.ActiveCfg = Release|Win32
		{95155A88-FEDA-443A-B85D-2DB6A8CD4CBE}.Release|ARM.ActiveCfg = Release|Win32
		{95155A88-FEDA-443A-B85D-2DB6A8CD4CBE}.Release|ARM64.ActiveCfg = Release|Win32
		{95155A88-FEDA-443A-B85D-2DB6A8CD4CBE}.Release|x64.ActiveCfg = Release|x64
		{95155A88-FEDA-443A-B85D-2DB6A8CD4CBE}.Release|x64.Build.0 = Release|x64
		{95155A88-FEDA-443A-B85D-2DB6A8CD4CBE}.Release|x86.ActiveCfg = Release|Win32
		{95155A88-FEDA-443A-B85D-2DB6A8CD4CBE}.Release|x86.Build.0 = Release|Win32
		{1A4F031A-83D6-4261-96C8-EDD6D2C30FE9}.Debug|Any CPU.ActiveCfg = Debug|Win32
		{1A4F031A-83D6-4261-96C8-EDD6D2C30FE9}.Debug|ARM.ActiveCfg = Debug|ARM
		{1A4F031A-83D6-4261-96C8-EDD6D2C30FE9}.Debug|ARM.Build.0 = Debug|ARM
		{1A4F031A-83D6-4261-96C8-EDD6D2C30FE9}.Debug|ARM.Deploy.0 = Debug|ARM
		{1A4F031A-83D6-4261-96C8-EDD6D2C30FE9}.Debug|ARM64.ActiveCfg = Debug|ARM64
		{1A4F031A-83D6-4261-96C8-EDD6D2C30FE9}.Debug|ARM64.Build.0 = Debug|ARM64
		{1A4F031A-83D6-4261-96C8-EDD6D2C30FE9}.Debug|ARM64.Deploy.0 = Debug|ARM64
		{1A4F031A-83D6-4261-96C8-EDD6D2C30FE9}.Debug|x64.ActiveCfg = Debug|x64
		{1A4F031A-83D6-4261-96C8-EDD6D2C30FE9}.Debug|x64.Build.0 = Debug|x64
		{1A4F031A-83D6-4261-96C8-EDD6D2C30FE9}.Debug|x64.Deploy.0 = Debug|x64
		{1A4F031A-83D6-4261-96C8-EDD6D2C30FE9}.Debug|x86.ActiveCfg = Debug|Win32
		{1A4F031A-83D6-4261-96C8-EDD6D2C30FE9}.Debug|x86.Build.0 = Debug|Win32
		{1A4F031A-83D6-4261-96C8-EDD6D2C30FE9}.Debug|x86.Deploy.0 = Debug|Win32
		{1A4F031A-83D6-4261-96C8-EDD6D2C30FE9}.Release|Any CPU.ActiveCfg = Release|Win32
		{1A4F031A-83D6-4261-96C8-EDD6D2C30FE9}.Release|ARM.ActiveCfg = Release|ARM
		{1A4F031A-83D6-4261-96C8-EDD6D2C30FE9}.Release|ARM.Build.0 = Release|ARM
		{1A4F031A-83D6-4261-96C8-EDD6D2C30FE9}.Release|ARM.Deploy.0 = Release|ARM
		{1A4F031A-83D6-4261-96C8-EDD6D2C30FE9}.Release|ARM64.ActiveCfg = Release|ARM64
		{1A4F031A-83D6-4261-96C8-EDD6D2C30FE9}.Release|ARM64.Build.0 = Release|ARM64
		{1A4F031A-83D6-4261-96C8-EDD6D2C30FE9}.Release|ARM64.Deploy.0 = Release|ARM64
		{1A4F031A-83D6-4261-96C8-EDD6D2C30FE9}.Release|x64.ActiveCfg = Release|x64
		{1A4F031A-83D6-4261-96C8-EDD6D2C30FE9}.Release|x64.Build.0 = Release|x64
		{1A4F031A-83D6-4261-96C8-EDD6D2C30FE9}.Release|x64.Deploy.0 = Release|x64
		{1A4F031A-83D6-4261-96C8-EDD6D2C30FE9}.Release|x86.ActiveCfg = Release|Win32
		{1A4F031A-83D6-4261-96C8-EDD6D2C30FE9}.Release|x86.Build.0 = Release|Win32
		{1A4F031A-83D6-4261-96C8-EDD6D2C30FE9}.Release|x86.Deploy.0 = Release|Win32
		{906749ED-7A67-426A-AE7C-1152AB5CFAD3}.Debug|Any CPU.ActiveCfg = Debug|Win32
		{906749ED-7A67-426A-AE7C-1152AB5CFAD3}.Debug|ARM.ActiveCfg = Debug|ARM
		{906749ED-7A67-426A-AE7C-1152AB5CFAD3}.Debug|ARM.Build.0 = Debug|ARM
		{906749ED-7A67-426A-AE7C-1152AB5CFAD3}.Debug|ARM.Deploy.0 = Debug|ARM
		{906749ED-7A67-426A-AE7C-1152AB5CFAD3}.Debug|ARM64.ActiveCfg = Debug|ARM64
		{906749ED-7A67-426A-AE7C-1152AB5CFAD3}.Debug|ARM64.Build.0 = Debug|ARM64
		{906749ED-7A67-426A-AE7C-1152AB5CFAD3}.Debug|ARM64.Deploy.0 = Debug|ARM64
		{906749ED-7A67-426A-AE7C-1152AB5CFAD3}.Debug|x64.ActiveCfg = Debug|x64
		{906749ED-7A67-426A-AE7C-1152AB5CFAD3}.Debug|x64.Deploy.0 = Debug|x64
		{906749ED-7A67-426A-AE7C-1152AB5CFAD3}.Debug|x86.ActiveCfg = Debug|Win32
		{906749ED-7A67-426A-AE7C-1152AB5CFAD3}.Debug|x86.Deploy.0 = Debug|Win32
		{906749ED-7A67-426A-AE7C-1152AB5CFAD3}.Release|Any CPU.ActiveCfg = Release|Win32
		{906749ED-7A67-426A-AE7C-1152AB5CFAD3}.Release|ARM.ActiveCfg = Release|ARM
		{906749ED-7A67-426A-AE7C-1152AB5CFAD3}.Release|ARM.Build.0 = Release|ARM
		{906749ED-7A67-426A-AE7C-1152AB5CFAD3}.Release|ARM.Deploy.0 = Release|ARM
		{906749ED-7A67-426A-AE7C-1152AB5CFAD3}.Release|ARM64.ActiveCfg = Release|ARM64
		{906749ED-7A67-426A-AE7C-1152AB5CFAD3}.Release|ARM64.Build.0 = Release|ARM64
		{906749ED-7A67-426A-AE7C-1152AB5CFAD3}.Release|ARM64.Deploy.0 = Release|ARM64
		{906749ED-7A67-426A-AE7C-1152AB5CFAD3}.Release|x64.ActiveCfg = Release|x64
		{906749ED-7A67-426A-AE7C-1152AB5CFAD3}.Release|x64.Deploy.0 = Release|x64
		{906749ED-7A67-426A-AE7C-1152AB5CFAD3}.Release|x86.ActiveCfg = Release|Win32
		{906749ED-7A67-426A-AE7C-1152AB5CFAD3}.Release|x86.Deploy.0 = Release|Win32
		{3F50F473-B720-4C19-A302-6D51AD1D4448}.Debug|Any CPU.ActiveCfg = Debug|Any CPU
		{3F50F473-B720-4C19-A302-6D51AD1D4448}.Debug|Any CPU.Build.0 = Debug|Any CPU
		{3F50F473-B720-4C19-A302-6D51AD1D4448}.Debug|ARM.ActiveCfg = Debug|Any CPU
		{3F50F473-B720-4C19-A302-6D51AD1D4448}.Debug|ARM.Build.0 = Debug|Any CPU
		{3F50F473-B720-4C19-A302-6D51AD1D4448}.Debug|ARM64.ActiveCfg = Debug|Any CPU
		{3F50F473-B720-4C19-A302-6D51AD1D4448}.Debug|ARM64.Build.0 = Debug|Any CPU
		{3F50F473-B720-4C19-A302-6D51AD1D4448}.Debug|x64.ActiveCfg = Debug|Any CPU
		{3F50F473-B720-4C19-A302-6D51AD1D4448}.Debug|x86.ActiveCfg = Debug|Any CPU
		{3F50F473-B720-4C19-A302-6D51AD1D4448}.Release|Any CPU.ActiveCfg = Release|Any CPU
		{3F50F473-B720-4C19-A302-6D51AD1D4448}.Release|Any CPU.Build.0 = Release|Any CPU
		{3F50F473-B720-4C19-A302-6D51AD1D4448}.Release|ARM.ActiveCfg = Release|Any CPU
		{3F50F473-B720-4C19-A302-6D51AD1D4448}.Release|ARM.Build.0 = Release|Any CPU
		{3F50F473-B720-4C19-A302-6D51AD1D4448}.Release|ARM64.ActiveCfg = Release|Any CPU
		{3F50F473-B720-4C19-A302-6D51AD1D4448}.Release|ARM64.Build.0 = Release|Any CPU
		{3F50F473-B720-4C19-A302-6D51AD1D4448}.Release|x64.ActiveCfg = Release|Any CPU
		{3F50F473-B720-4C19-A302-6D51AD1D4448}.Release|x86.ActiveCfg = Release|Any CPU
		{216F0747-A0BE-4E61-9691-9C70F5347558}.Debug|Any CPU.ActiveCfg = Debug|Any CPU
		{216F0747-A0BE-4E61-9691-9C70F5347558}.Debug|Any CPU.Build.0 = Debug|Any CPU
		{216F0747-A0BE-4E61-9691-9C70F5347558}.Debug|ARM.ActiveCfg = Debug|Any CPU
		{216F0747-A0BE-4E61-9691-9C70F5347558}.Debug|ARM.Build.0 = Debug|Any CPU
		{216F0747-A0BE-4E61-9691-9C70F5347558}.Debug|ARM64.ActiveCfg = Debug|Any CPU
		{216F0747-A0BE-4E61-9691-9C70F5347558}.Debug|ARM64.Build.0 = Debug|Any CPU
		{216F0747-A0BE-4E61-9691-9C70F5347558}.Debug|x64.ActiveCfg = Debug|Any CPU
		{216F0747-A0BE-4E61-9691-9C70F5347558}.Debug|x64.Build.0 = Debug|Any CPU
		{216F0747-A0BE-4E61-9691-9C70F5347558}.Debug|x86.ActiveCfg = Debug|Any CPU
		{216F0747-A0BE-4E61-9691-9C70F5347558}.Debug|x86.Build.0 = Debug|Any CPU
		{216F0747-A0BE-4E61-9691-9C70F5347558}.Release|Any CPU.ActiveCfg = Release|Any CPU
		{216F0747-A0BE-4E61-9691-9C70F5347558}.Release|Any CPU.Build.0 = Release|Any CPU
		{216F0747-A0BE-4E61-9691-9C70F5347558}.Release|ARM.ActiveCfg = Release|Any CPU
		{216F0747-A0BE-4E61-9691-9C70F5347558}.Release|ARM.Build.0 = Release|Any CPU
		{216F0747-A0BE-4E61-9691-9C70F5347558}.Release|ARM64.ActiveCfg = Release|Any CPU
		{216F0747-A0BE-4E61-9691-9C70F5347558}.Release|ARM64.Build.0 = Release|Any CPU
		{216F0747-A0BE-4E61-9691-9C70F5347558}.Release|x64.ActiveCfg = Release|Any CPU
		{216F0747-A0BE-4E61-9691-9C70F5347558}.Release|x64.Build.0 = Release|Any CPU
		{216F0747-A0BE-4E61-9691-9C70F5347558}.Release|x86.ActiveCfg = Release|Any CPU
		{216F0747-A0BE-4E61-9691-9C70F5347558}.Release|x86.Build.0 = Release|Any CPU
	EndGlobalSection
	GlobalSection(SolutionProperties) = preSolution
		HideSolutionNode = FALSE
	EndGlobalSection
	GlobalSection(NestedProjects) = preSolution
		{F329494F-152C-4739-AFC2-00DF81B78D5F} = {6F14BA04-77E6-4FD7-AFAA-F003988817C7}
		{95155A88-FEDA-443A-B85D-2DB6A8CD4CBE} = {51B50044-0861-4230-8832-80E1F44D472E}
		{1A4F031A-83D6-4261-96C8-EDD6D2C30FE9} = {E6F07824-9836-4180-99C3-05240708F824}
		{906749ED-7A67-426A-AE7C-1152AB5CFAD3} = {2081D159-2BB5-4A74-9423-3017304039DB}
		{6F14BA04-77E6-4FD7-AFAA-F003988817C7} = {C2BA16E5-B02C-4203-B695-682A67667FE6}
		{E6F07824-9836-4180-99C3-05240708F824} = {C2BA16E5-B02C-4203-B695-682A67667FE6}
		{2081D159-2BB5-4A74-9423-3017304039DB} = {C2BA16E5-B02C-4203-B695-682A67667FE6}
		{216F0747-A0BE-4E61-9691-9C70F5347558} = {51B50044-0861-4230-8832-80E1F44D472E}
	EndGlobalSection
	GlobalSection(ExtensibilityGlobals) = postSolution
		SolutionGuid = {9602E54E-A4C1-432E-9E5F-E4C5FF32985C}
	EndGlobalSection
EndGlobal
