
Microsoft Visual Studio Solution File, Format Version 12.00
# Visual Studio 15
VisualStudioVersion = 15.0.28307.106
MinimumVisualStudioVersion = 10.0.40219.1
Project("{8BC9CEB8-8B4A-11D0-8D11-00A0C91BC942}") = "BthPS3", "BthPS3\BthPS3.vcxproj", "{F329494F-152C-4739-AFC2-00DF81B78D5F}"
EndProject
Project("{8BC9CEB8-8B4A-11D0-8D11-00A0C91BC942}") = "BthProxyPS3", "BthProxyPS3\BthProxyPS3.vcxproj", "{1A4F031A-83D6-4261-96C8-EDD6D2C30FE9}"
EndProject
Global
	GlobalSection(SolutionConfigurationPlatforms) = preSolution
		Debug|ARM = Debug|ARM
		Debug|ARM64 = Debug|ARM64
		Debug|x64 = Debug|x64
		Debug|x86 = Debug|x86
		Release|ARM = Release|ARM
		Release|ARM64 = Release|ARM64
		Release|x64 = Release|x64
		Release|x86 = Release|x86
	EndGlobalSection
	GlobalSection(ProjectConfigurationPlatforms) = postSolution
		{F329494F-152C-4739-AFC2-00DF81B78D5F}.Debug|ARM.ActiveCfg = Debug|ARM
		{F329494F-152C-4739-AFC2-00DF81B78D5F}.Debug|ARM.Build.0 = Debug|ARM
		{F329494F-152C-4739-AFC2-00DF81B78D5F}.Debug|ARM.Deploy.0 = Debug|ARM
		{F329494F-152C-4739-AFC2-00DF81B78D5F}.Debug|ARM64.ActiveCfg = Debug|ARM64
		{F329494F-152C-4739-AFC2-00DF81B78D5F}.Debug|ARM64.Build.0 = Debug|ARM64
		{F329494F-152C-4739-AFC2-00DF81B78D5F}.Debug|ARM64.Deploy.0 = Debug|ARM64
		{F329494F-152C-4739-AFC2-00DF81B78D5F}.Debug|x64.ActiveCfg = Debug|x64
		{F329494F-152C-4739-AFC2-00DF81B78D5F}.Debug|x64.Build.0 = Debug|x64
		{F329494F-152C-4739-AFC2-00DF81B78D5F}.Debug|x64.Deploy.0 = Debug|x64
		{F329494F-152C-4739-AFC2-00DF81B78D5F}.Debug|x86.ActiveCfg = Debug|Win32
		{F329494F-152C-4739-AFC2-00DF81B78D5F}.Debug|x86.Build.0 = Debug|Win32
		{F329494F-152C-4739-AFC2-00DF81B78D5F}.Debug|x86.Deploy.0 = Debug|Win32
		{F329494F-152C-4739-AFC2-00DF81B78D5F}.Release|ARM.ActiveCfg = Release|ARM
		{F329494F-152C-4739-AFC2-00DF81B78D5F}.Release|ARM.Build.0 = Release|ARM
		{F329494F-152C-4739-AFC2-00DF81B78D5F}.Release|ARM.Deploy.0 = Release|ARM
		{F329494F-152C-4739-AFC2-00DF81B78D5F}.Release|ARM64.ActiveCfg = Release|ARM64
		{F329494F-152C-4739-AFC2-00DF81B78D5F}.Release|ARM64.Build.0 = Release|ARM64
		{F329494F-152C-4739-AFC2-00DF81B78D5F}.Release|ARM64.Deploy.0 = Release|ARM64
		{F329494F-152C-4739-AFC2-00DF81B78D5F}.Release|x64.ActiveCfg = Release|x64
		{F329494F-152C-4739-AFC2-00DF81B78D5F}.Release|x64.Build.0 = Release|x64
		{F329494F-152C-4739-AFC2-00DF81B78D5F}.Release|x64.Deploy.0 = Release|x64
		{F329494F-152C-4739-AFC2-00DF81B78D5F}.Release|x86.ActiveCfg = Release|Win32
		{F329494F-152C-4739-AFC2-00DF81B78D5F}.Release|x86.Build.0 = Release|Win32
		{F329494F-152C-4739-AFC2-00DF81B78D5F}.Release|x86.Deploy.0 = Release|Win32
		{1A4F031A-83D6-4261-96C8-EDD6D2C30FE9}.Debug|ARM.ActiveCfg = Debug|ARM
		{1A4F031A-83D6-4261-96C8-EDD6D2C30FE9}.Debug|ARM.Build.0 = Debug|ARM
		{1A4F031A-83D6-4261-96C8-EDD6D2C30FE9}.Debug|ARM.Deploy.0 = Debug|ARM
		{1A4F031A-83D6-4261-96C8-EDD6D2C30FE9}.Debug|ARM64.ActiveCfg = Debug|ARM64
		{1A4F031A-83D6-4261-96C8-EDD6D2C30FE9}.Debug|ARM64.Build.0 = Debug|ARM64
		{1A4F031A-83D6-4261-96C8-EDD6D2C30FE9}.Debug|ARM64.Deploy.0 = Debug|ARM64
		{1A4F031A-83D6-4261-96C8-EDD6D2C30FE9}.Debug|x64.ActiveCfg = Debug|x64
		{1A4F031A-83D6-4261-96C8-EDD6D2C30FE9}.Debug|x64.Build.0 = Debug|x64
		{1A4F031A-83D6-4261-96C8-EDD6D2C30FE9}.Debug|x64.Deploy.0 = Debug|x64
		{1A4F031A-83D6-4261-96C8-EDD6D2C30FE9}.Debug|x86.ActiveCfg = Debug|Win32
		{1A4F031A-83D6-4261-96C8-EDD6D2C30FE9}.Debug|x86.Build.0 = Debug|Win32
		{1A4F031A-83D6-4261-96C8-EDD6D2C30FE9}.Debug|x86.Deploy.0 = Debug|Win32
		{1A4F031A-83D6-4261-96C8-EDD6D2C30FE9}.Release|ARM.ActiveCfg = Release|ARM
		{1A4F031A-83D6-4261-96C8-EDD6D2C30FE9}.Release|ARM.Build.0 = Release|ARM
		{1A4F031A-83D6-4261-96C8-EDD6D2C30FE9}.Release|ARM.Deploy.0 = Release|ARM
		{1A4F031A-83D6-4261-96C8-EDD6D2C30FE9}.Release|ARM64.ActiveCfg = Release|ARM64
		{1A4F031A-83D6-4261-96C8-EDD6D2C30FE9}.Release|ARM64.Build.0 = Release|ARM64
		{1A4F031A-83D6-4261-96C8-EDD6D2C30FE9}.Release|ARM64.Deploy.0 = Release|ARM64
		{1A4F031A-83D6-4261-96C8-EDD6D2C30FE9}.Release|x64.ActiveCfg = Release|x64
		{1A4F031A-83D6-4261-96C8-EDD6D2C30FE9}.Release|x64.Build.0 = Release|x64
		{1A4F031A-83D6-4261-96C8-EDD6D2C30FE9}.Release|x64.Deploy.0 = Release|x64
		{1A4F031A-83D6-4261-96C8-EDD6D2C30FE9}.Release|x86.ActiveCfg = Release|Win32
		{1A4F031A-83D6-4261-96C8-EDD6D2C30FE9}.Release|x86.Build.0 = Release|Win32
		{1A4F031A-83D6-4261-96C8-EDD6D2C30FE9}.Release|x86.Deploy.0 = Release|Win32
	EndGlobalSection
	GlobalSection(SolutionProperties) = preSolution
		HideSolutionNode = FALSE
	EndGlobalSection
	GlobalSection(ExtensibilityGlobals) = postSolution
		SolutionGuid = {9602E54E-A4C1-432E-9E5F-E4C5FF32985C}
	EndGlobalSection
EndGlobal
