
Microsoft Visual Studio Solution File, Format Version 12.00
# Visual Studio Version 16
VisualStudioVersion = 16.0.29306.81
MinimumVisualStudioVersion = 10.0.40219.1
Project("{8BC9CEB8-8B4A-11D0-8D11-00A0C91BC942}") = "BthPS3", "BthPS3\BthPS3.vcxproj", "{F329494F-152C-4739-AFC2-00DF81B78D5F}"
EndProject
Project("{8BC9CEB8-8B4A-11D0-8D11-00A0C91BC942}") = "BthPS3Util", "BthPS3Util\BthPS3Util.vcxproj", "{95155A88-FEDA-443A-B85D-2DB6A8CD4CBE}"
EndProject
Project("{8BC9CEB8-8B4A-11D0-8D11-00A0C91BC942}") = "BthPS3PSM", "BthPS3PSM\BthPS3PSM.vcxproj", "{1A4F031A-83D6-4261-96C8-EDD6D2C30FE9}"
EndProject
Project("{2150E333-8FDC-42A3-9474-1A3956D46DE8}") = "Drivers", "Drivers", "{C2BA16E5-B02C-4203-B695-682A67667FE6}"
EndProject
Project("{2150E333-8FDC-42A3-9474-1A3956D46DE8}") = "Profile", "Profile", "{6F14BA04-77E6-4FD7-AFAA-F003988817C7}"
EndProject
Project("{2150E333-8FDC-42A3-9474-1A3956D46DE8}") = "Filter", "Filter", "{E6F07824-9836-4180-99C3-05240708F824}"
EndProject
Project("{2150E333-8FDC-42A3-9474-1A3956D46DE8}") = "App", "App", "{51B50044-0861-4230-8832-80E1F44D472E}"
EndProject
Project("{9A19103F-16F7-4668-BE54-9A1E7A4F7556}") = "BthPS3CfgUI", "BthPS3CfgUI\BthPS3CfgUI.csproj", "{C9562844-10FC-484D-82BD-A2D0EDC7E2F1}"
EndProject
Project("{2150E333-8FDC-42A3-9474-1A3956D46DE8}") = "Setup", "Setup", "{2BD82ADC-39FF-4E32-BEBB-B0DD956FBDE4}"
EndProject
Project("{930C7802-8A8C-48F9-8165-68863BCCD9DD}") = "BthPS3Setup", "Setup\BthPS3Setup.wixproj", "{FB0C187D-63CC-45B4-BDA9-0EBDBE2AB266}"
EndProject
Project("{8BC9CEB8-8B4A-11D0-8D11-00A0C91BC942}") = "BthPS3CA", "Setup\BthPS3CA\BthPS3CA.vcxproj", "{81C9766C-7FD8-473D-882D-85FD89EE3C4C}"
EndProject
Project("{8BC9CEB8-8B4A-11D0-8D11-00A0C91BC942}") = "BthPS3SetupHelper", "BthPS3SetupHelper\BthPS3SetupHelper.vcxproj", "{93A044C1-9491-4A17-B410-D144DBBD8F44}"
EndProject
Project("{9A19103F-16F7-4668-BE54-9A1E7A4F7556}") = "_build", "build\_build.csproj", "{AC6550D4-2D4D-4E7A-8FF9-FFD38B37EE66}"
EndProject
Global
	GlobalSection(SolutionConfigurationPlatforms) = preSolution
		Debug|Any CPU = Debug|Any CPU
		Debug|ARM = Debug|ARM
		Debug|ARM64 = Debug|ARM64
		Debug|x64 = Debug|x64
		Debug|x86 = Debug|x86
		Release|Any CPU = Release|Any CPU
		Release|ARM = Release|ARM
		Release|ARM64 = Release|ARM64
		Release|x64 = Release|x64
		Release|x86 = Release|x86
	EndGlobalSection
	GlobalSection(ProjectConfigurationPlatforms) = postSolution
		{F329494F-152C-4739-AFC2-00DF81B78D5F}.Debug|Any CPU.ActiveCfg = Debug|Win32
		{F329494F-152C-4739-AFC2-00DF81B78D5F}.Debug|ARM.ActiveCfg = Debug|ARM
		{F329494F-152C-4739-AFC2-00DF81B78D5F}.Debug|ARM.Build.0 = Debug|ARM
		{F329494F-152C-4739-AFC2-00DF81B78D5F}.Debug|ARM.Deploy.0 = Debug|ARM
		{F329494F-152C-4739-AFC2-00DF81B78D5F}.Debug|ARM64.ActiveCfg = Debug|ARM64
		{F329494F-152C-4739-AFC2-00DF81B78D5F}.Debug|ARM64.Build.0 = Debug|ARM64
		{F329494F-152C-4739-AFC2-00DF81B78D5F}.Debug|ARM64.Deploy.0 = Debug|ARM64
		{F329494F-152C-4739-AFC2-00DF81B78D5F}.Debug|x64.ActiveCfg = Debug|x64
		{F329494F-152C-4739-AFC2-00DF81B78D5F}.Debug|x64.Build.0 = Debug|x64
		{F329494F-152C-4739-AFC2-00DF81B78D5F}.Debug|x64.Deploy.0 = Debug|x64
		{F329494F-152C-4739-AFC2-00DF81B78D5F}.Debug|x86.ActiveCfg = Debug|Win32
		{F329494F-152C-4739-AFC2-00DF81B78D5F}.Debug|x86.Build.0 = Debug|Win32
		{F329494F-152C-4739-AFC2-00DF81B78D5F}.Debug|x86.Deploy.0 = Debug|Win32
		{F329494F-152C-4739-AFC2-00DF81B78D5F}.Release|Any CPU.ActiveCfg = Release|Win32
		{F329494F-152C-4739-AFC2-00DF81B78D5F}.Release|ARM.ActiveCfg = Release|ARM
		{F329494F-152C-4739-AFC2-00DF81B78D5F}.Release|ARM.Build.0 = Release|ARM
		{F329494F-152C-4739-AFC2-00DF81B78D5F}.Release|ARM.Deploy.0 = Release|ARM
		{F329494F-152C-4739-AFC2-00DF81B78D5F}.Release|ARM64.ActiveCfg = Release|ARM64
		{F329494F-152C-4739-AFC2-00DF81B78D5F}.Release|ARM64.Build.0 = Release|ARM64
		{F329494F-152C-4739-AFC2-00DF81B78D5F}.Release|ARM64.Deploy.0 = Release|ARM64
		{F329494F-152C-4739-AFC2-00DF81B78D5F}.Release|x64.ActiveCfg = Release|x64
		{F329494F-152C-4739-AFC2-00DF81B78D5F}.Release|x64.Build.0 = Release|x64
		{F329494F-152C-4739-AFC2-00DF81B78D5F}.Release|x64.Deploy.0 = Release|x64
		{F329494F-152C-4739-AFC2-00DF81B78D5F}.Release|x86.ActiveCfg = Release|Win32
		{F329494F-152C-4739-AFC2-00DF81B78D5F}.Release|x86.Build.0 = Release|Win32
		{F329494F-152C-4739-AFC2-00DF81B78D5F}.Release|x86.Deploy.0 = Release|Win32
		{95155A88-FEDA-443A-B85D-2DB6A8CD4CBE}.Debug|Any CPU.ActiveCfg = Debug|Win32
		{95155A88-FEDA-443A-B85D-2DB6A8CD4CBE}.Debug|ARM.ActiveCfg = Debug|Win32
		{95155A88-FEDA-443A-B85D-2DB6A8CD4CBE}.Debug|ARM64.ActiveCfg = Debug|ARM64
		{95155A88-FEDA-443A-B85D-2DB6A8CD4CBE}.Debug|x64.ActiveCfg = Debug|x64
		{95155A88-FEDA-443A-B85D-2DB6A8CD4CBE}.Debug|x64.Build.0 = Debug|x64
		{95155A88-FEDA-443A-B85D-2DB6A8CD4CBE}.Debug|x86.ActiveCfg = Debug|Win32
		{95155A88-FEDA-443A-B85D-2DB6A8CD4CBE}.Debug|x86.Build.0 = Debug|Win32
		{95155A88-FEDA-443A-B85D-2DB6A8CD4CBE}.Release|Any CPU.ActiveCfg = Release|Win32
		{95155A88-FEDA-443A-B85D-2DB6A8CD4CBE}.Release|ARM.ActiveCfg = Release|Win32
		{95155A88-FEDA-443A-B85D-2DB6A8CD4CBE}.Release|ARM64.ActiveCfg = Release|Win32
		{95155A88-FEDA-443A-B85D-2DB6A8CD4CBE}.Release|x64.ActiveCfg = Release|x64
		{95155A88-FEDA-443A-B85D-2DB6A8CD4CBE}.Release|x64.Build.0 = Release|x64
		{95155A88-FEDA-443A-B85D-2DB6A8CD4CBE}.Release|x86.ActiveCfg = Release|Win32
		{95155A88-FEDA-443A-B85D-2DB6A8CD4CBE}.Release|x86.Build.0 = Release|Win32
		{1A4F031A-83D6-4261-96C8-EDD6D2C30FE9}.Debug|Any CPU.ActiveCfg = Debug|Win32
		{1A4F031A-83D6-4261-96C8-EDD6D2C30FE9}.Debug|ARM.ActiveCfg = Debug|ARM
		{1A4F031A-83D6-4261-96C8-EDD6D2C30FE9}.Debug|ARM.Build.0 = Debug|ARM
		{1A4F031A-83D6-4261-96C8-EDD6D2C30FE9}.Debug|ARM.Deploy.0 = Debug|ARM
		{1A4F031A-83D6-4261-96C8-EDD6D2C30FE9}.Debug|ARM64.ActiveCfg = Debug|ARM64
		{1A4F031A-83D6-4261-96C8-EDD6D2C30FE9}.Debug|ARM64.Build.0 = Debug|ARM64
		{1A4F031A-83D6-4261-96C8-EDD6D2C30FE9}.Debug|ARM64.Deploy.0 = Debug|ARM64
		{1A4F031A-83D6-4261-96C8-EDD6D2C30FE9}.Debug|x64.ActiveCfg = Debug|x64
		{1A4F031A-83D6-4261-96C8-EDD6D2C30FE9}.Debug|x64.Build.0 = Debug|x64
		{1A4F031A-83D6-4261-96C8-EDD6D2C30FE9}.Debug|x64.Deploy.0 = Debug|x64
		{1A4F031A-83D6-4261-96C8-EDD6D2C30FE9}.Debug|x86.ActiveCfg = Debug|Win32
		{1A4F031A-83D6-4261-96C8-EDD6D2C30FE9}.Debug|x86.Build.0 = Debug|Win32
		{1A4F031A-83D6-4261-96C8-EDD6D2C30FE9}.Debug|x86.Deploy.0 = Debug|Win32
		{1A4F031A-83D6-4261-96C8-EDD6D2C30FE9}.Release|Any CPU.ActiveCfg = Release|Win32
		{1A4F031A-83D6-4261-96C8-EDD6D2C30FE9}.Release|ARM.ActiveCfg = Release|ARM
		{1A4F031A-83D6-4261-96C8-EDD6D2C30FE9}.Release|ARM.Build.0 = Release|ARM
		{1A4F031A-83D6-4261-96C8-EDD6D2C30FE9}.Release|ARM.Deploy.0 = Release|ARM
		{1A4F031A-83D6-4261-96C8-EDD6D2C30FE9}.Release|ARM64.ActiveCfg = Release|ARM64
		{1A4F031A-83D6-4261-96C8-EDD6D2C30FE9}.Release|ARM64.Build.0 = Release|ARM64
		{1A4F031A-83D6-4261-96C8-EDD6D2C30FE9}.Release|ARM64.Deploy.0 = Release|ARM64
		{1A4F031A-83D6-4261-96C8-EDD6D2C30FE9}.Release|x64.ActiveCfg = Release|x64
		{1A4F031A-83D6-4261-96C8-EDD6D2C30FE9}.Release|x64.Build.0 = Release|x64
		{1A4F031A-83D6-4261-96C8-EDD6D2C30FE9}.Release|x64.Deploy.0 = Release|x64
		{1A4F031A-83D6-4261-96C8-EDD6D2C30FE9}.Release|x86.ActiveCfg = Release|Win32
		{1A4F031A-83D6-4261-96C8-EDD6D2C30FE9}.Release|x86.Build.0 = Release|Win32
		{1A4F031A-83D6-4261-96C8-EDD6D2C30FE9}.Release|x86.Deploy.0 = Release|Win32
		{C9562844-10FC-484D-82BD-A2D0EDC7E2F1}.Debug|Any CPU.ActiveCfg = Debug|Any CPU
		{C9562844-10FC-484D-82BD-A2D0EDC7E2F1}.Debug|Any CPU.Build.0 = Debug|Any CPU
		{C9562844-10FC-484D-82BD-A2D0EDC7E2F1}.Debug|ARM.ActiveCfg = Debug|Any CPU
		{C9562844-10FC-484D-82BD-A2D0EDC7E2F1}.Debug|ARM.Build.0 = Debug|Any CPU
		{C9562844-10FC-484D-82BD-A2D0EDC7E2F1}.Debug|ARM64.ActiveCfg = Debug|Any CPU
		{C9562844-10FC-484D-82BD-A2D0EDC7E2F1}.Debug|ARM64.Build.0 = Debug|Any CPU
		{C9562844-10FC-484D-82BD-A2D0EDC7E2F1}.Debug|x64.ActiveCfg = Debug|Any CPU
		{C9562844-10FC-484D-82BD-A2D0EDC7E2F1}.Debug|x64.Build.0 = Debug|Any CPU
		{C9562844-10FC-484D-82BD-A2D0EDC7E2F1}.Debug|x86.ActiveCfg = Debug|Any CPU
		{C9562844-10FC-484D-82BD-A2D0EDC7E2F1}.Debug|x86.Build.0 = Debug|Any CPU
		{C9562844-10FC-484D-82BD-A2D0EDC7E2F1}.Release|Any CPU.ActiveCfg = Release|Any CPU
		{C9562844-10FC-484D-82BD-A2D0EDC7E2F1}.Release|Any CPU.Build.0 = Release|Any CPU
		{C9562844-10FC-484D-82BD-A2D0EDC7E2F1}.Release|ARM.ActiveCfg = Release|Any CPU
		{C9562844-10FC-484D-82BD-A2D0EDC7E2F1}.Release|ARM.Build.0 = Release|Any CPU
		{C9562844-10FC-484D-82BD-A2D0EDC7E2F1}.Release|ARM64.ActiveCfg = Release|Any CPU
		{C9562844-10FC-484D-82BD-A2D0EDC7E2F1}.Release|ARM64.Build.0 = Release|Any CPU
		{C9562844-10FC-484D-82BD-A2D0EDC7E2F1}.Release|x64.ActiveCfg = Release|Any CPU
		{C9562844-10FC-484D-82BD-A2D0EDC7E2F1}.Release|x64.Build.0 = Release|Any CPU
		{C9562844-10FC-484D-82BD-A2D0EDC7E2F1}.Release|x86.ActiveCfg = Release|Any CPU
		{C9562844-10FC-484D-82BD-A2D0EDC7E2F1}.Release|x86.Build.0 = Release|Any CPU
		{FB0C187D-63CC-45B4-BDA9-0EBDBE2AB266}.Debug|Any CPU.ActiveCfg = Debug|x86
		{FB0C187D-63CC-45B4-BDA9-0EBDBE2AB266}.Debug|ARM.ActiveCfg = Debug|x86
		{FB0C187D-63CC-45B4-BDA9-0EBDBE2AB266}.Debug|ARM64.ActiveCfg = Debug|x86
		{FB0C187D-63CC-45B4-BDA9-0EBDBE2AB266}.Debug|x64.ActiveCfg = Debug|x86
		{FB0C187D-63CC-45B4-BDA9-0EBDBE2AB266}.Debug|x86.ActiveCfg = Debug|x86
		{FB0C187D-63CC-45B4-BDA9-0EBDBE2AB266}.Debug|x86.Build.0 = Debug|x86
		{FB0C187D-63CC-45B4-BDA9-0EBDBE2AB266}.Release|Any CPU.ActiveCfg = Release|x86
		{FB0C187D-63CC-45B4-BDA9-0EBDBE2AB266}.Release|ARM.ActiveCfg = Release|x86
		{FB0C187D-63CC-45B4-BDA9-0EBDBE2AB266}.Release|ARM64.ActiveCfg = Release|x86
		{FB0C187D-63CC-45B4-BDA9-0EBDBE2AB266}.Release|x64.ActiveCfg = Release|x64
		{FB0C187D-63CC-45B4-BDA9-0EBDBE2AB266}.Release|x86.ActiveCfg = Release|x86
		{81C9766C-7FD8-473D-882D-85FD89EE3C4C}.Debug|Any CPU.ActiveCfg = Debug|Win32
		{81C9766C-7FD8-473D-882D-85FD89EE3C4C}.Debug|ARM.ActiveCfg = Debug|Win32
		{81C9766C-7FD8-473D-882D-85FD89EE3C4C}.Debug|ARM64.ActiveCfg = Debug|ARM64
		{81C9766C-7FD8-473D-882D-85FD89EE3C4C}.Debug|x64.ActiveCfg = Debug|x64
		{81C9766C-7FD8-473D-882D-85FD89EE3C4C}.Debug|x86.ActiveCfg = Debug|Win32
		{81C9766C-7FD8-473D-882D-85FD89EE3C4C}.Debug|x86.Build.0 = Debug|Win32
		{81C9766C-7FD8-473D-882D-85FD89EE3C4C}.Release|Any CPU.ActiveCfg = Release|Win32
		{81C9766C-7FD8-473D-882D-85FD89EE3C4C}.Release|ARM.ActiveCfg = Release|Win32
		{81C9766C-7FD8-473D-882D-85FD89EE3C4C}.Release|ARM64.ActiveCfg = Release|ARM64
		{81C9766C-7FD8-473D-882D-85FD89EE3C4C}.Release|x64.ActiveCfg = Release|x64
		{81C9766C-7FD8-473D-882D-85FD89EE3C4C}.Release|x64.Build.0 = Release|x64
		{81C9766C-7FD8-473D-882D-85FD89EE3C4C}.Release|x86.ActiveCfg = Release|Win32
		{81C9766C-7FD8-473D-882D-85FD89EE3C4C}.Release|x86.Build.0 = Release|Win32
		{93A044C1-9491-4A17-B410-D144DBBD8F44}.Debug|Any CPU.ActiveCfg = Debug|Win32
		{93A044C1-9491-4A17-B410-D144DBBD8F44}.Debug|ARM.ActiveCfg = Debug|Win32
		{93A044C1-9491-4A17-B410-D144DBBD8F44}.Debug|ARM64.ActiveCfg = Debug|ARM64
		{93A044C1-9491-4A17-B410-D144DBBD8F44}.Debug|x64.ActiveCfg = Debug|x64
		{93A044C1-9491-4A17-B410-D144DBBD8F44}.Debug|x64.Build.0 = Debug|x64
		{93A044C1-9491-4A17-B410-D144DBBD8F44}.Debug|x86.ActiveCfg = Debug|Win32
		{93A044C1-9491-4A17-B410-D144DBBD8F44}.Debug|x86.Build.0 = Debug|Win32
		{93A044C1-9491-4A17-B410-D144DBBD8F44}.Release|Any CPU.ActiveCfg = Release|Win32
		{93A044C1-9491-4A17-B410-D144DBBD8F44}.Release|ARM.ActiveCfg = Release|Win32
		{93A044C1-9491-4A17-B410-D144DBBD8F44}.Release|ARM64.ActiveCfg = Release|Win32
		{93A044C1-9491-4A17-B410-D144DBBD8F44}.Release|x64.ActiveCfg = Release|x64
		{93A044C1-9491-4A17-B410-D144DBBD8F44}.Release|x64.Build.0 = Release|x64
		{93A044C1-9491-4A17-B410-D144DBBD8F44}.Release|x86.ActiveCfg = Release|Win32
		{93A044C1-9491-4A17-B410-D144DBBD8F44}.Release|x86.Build.0 = Release|Win32
		{AC6550D4-2D4D-4E7A-8FF9-FFD38B37EE66}.Debug|Any CPU.ActiveCfg = Debug|Any CPU
		{AC6550D4-2D4D-4E7A-8FF9-FFD38B37EE66}.Debug|ARM.ActiveCfg = Debug|Any CPU
		{AC6550D4-2D4D-4E7A-8FF9-FFD38B37EE66}.Debug|ARM64.ActiveCfg = Debug|Any CPU
		{AC6550D4-2D4D-4E7A-8FF9-FFD38B37EE66}.Debug|x64.ActiveCfg = Debug|Any CPU
		{AC6550D4-2D4D-4E7A-8FF9-FFD38B37EE66}.Debug|x86.ActiveCfg = Debug|Any CPU
		{AC6550D4-2D4D-4E7A-8FF9-FFD38B37EE66}.Release|Any CPU.ActiveCfg = Release|Any CPU
		{AC6550D4-2D4D-4E7A-8FF9-FFD38B37EE66}.Release|ARM.ActiveCfg = Release|Any CPU
		{AC6550D4-2D4D-4E7A-8FF9-FFD38B37EE66}.Release|ARM64.ActiveCfg = Release|Any CPU
		{AC6550D4-2D4D-4E7A-8FF9-FFD38B37EE66}.Release|x64.ActiveCfg = Release|Any CPU
		{AC6550D4-2D4D-4E7A-8FF9-FFD38B37EE66}.Release|x86.ActiveCfg = Release|Any CPU
	EndGlobalSection
	GlobalSection(SolutionProperties) = preSolution
		HideSolutionNode = FALSE
	EndGlobalSection
	GlobalSection(NestedProjects) = preSolution
		{F329494F-152C-4739-AFC2-00DF81B78D5F} = {6F14BA04-77E6-4FD7-AFAA-F003988817C7}
		{95155A88-FEDA-443A-B85D-2DB6A8CD4CBE} = {51B50044-0861-4230-8832-80E1F44D472E}
		{1A4F031A-83D6-4261-96C8-EDD6D2C30FE9} = {E6F07824-9836-4180-99C3-05240708F824}
		{6F14BA04-77E6-4FD7-AFAA-F003988817C7} = {C2BA16E5-B02C-4203-B695-682A67667FE6}
		{E6F07824-9836-4180-99C3-05240708F824} = {C2BA16E5-B02C-4203-B695-682A67667FE6}
		{C9562844-10FC-484D-82BD-A2D0EDC7E2F1} = {51B50044-0861-4230-8832-80E1F44D472E}
		{FB0C187D-63CC-45B4-BDA9-0EBDBE2AB266} = {2BD82ADC-39FF-4E32-BEBB-B0DD956FBDE4}
		{81C9766C-7FD8-473D-882D-85FD89EE3C4C} = {2BD82ADC-39FF-4E32-BEBB-B0DD956FBDE4}
		{93A044C1-9491-4A17-B410-D144DBBD8F44} = {2BD82ADC-39FF-4E32-BEBB-B0DD956FBDE4}
	EndGlobalSection
	GlobalSection(ExtensibilityGlobals) = postSolution
		SolutionGuid = {9602E54E-A4C1-432E-9E5F-E4C5FF32985C}
	EndGlobalSection
EndGlobal
